
Microsoft Visual Studio Solution File, Format Version 12.00
# Visual Studio Version 16
VisualStudioVersion = 16.0.33423.256
MinimumVisualStudioVersion = 10.0.40219.1
Project("{FAE04EC0-301F-11D3-BF4B-00C04F79EFBC}") = "GerarDado", "GerarDado\GerarDado.csproj", "{9CD4B7ED-9809-4159-92C6-A85C25DA9F1D}"
EndProject
Global
	GlobalSection(SolutionConfigurationPlatforms) = preSolution
		Debug|Any CPU = Debug|Any CPU
		Release|Any CPU = Release|Any CPU
	EndGlobalSection
	GlobalSection(ProjectConfigurationPlatforms) = postSolution
		{9CD4B7ED-9809-4159-92C6-A85C25DA9F1D}.Debug|Any CPU.ActiveCfg = Debug|Any CPU
		{9CD4B7ED-9809-4159-92C6-A85C25DA9F1D}.Debug|Any CPU.Build.0 = Debug|Any CPU
		{9CD4B7ED-9809-4159-92C6-A85C25DA9F1D}.Release|Any CPU.ActiveCfg = Release|Any CPU
		{9CD4B7ED-9809-4159-92C6-A85C25DA9F1D}.Release|Any CPU.Build.0 = Release|Any CPU
	EndGlobalSection
	GlobalSection(SolutionProperties) = preSolution
		HideSolutionNode = FALSE
	EndGlobalSection
	GlobalSection(ExtensibilityGlobals) = postSolution
		SolutionGuid = {12FE0BF1-7CFF-4839-92A5-24AE408464DB}
	EndGlobalSection
EndGlobal
